
Microsoft Visual Studio Solution File, Format Version 12.00
# Visual Studio 15
VisualStudioVersion = 15.0.28307.329
MinimumVisualStudioVersion = 10.0.40219.1
Project("{FAE04EC0-301F-11D3-BF4B-00C04F79EFBC}") = "MDDBShutdownPatch", "MDDBShutdownPatch\MDDBShutdownPatch.csproj", "{F9FFA398-CFC8-4EB8-A433-260517097D2D}"
EndProject
Global
	GlobalSection(SolutionConfigurationPlatforms) = preSolution
		Debug|Any CPU = Debug|Any CPU
		Release|Any CPU = Release|Any CPU
	EndGlobalSection
	GlobalSection(ProjectConfigurationPlatforms) = postSolution
		{F9FFA398-CFC8-4EB8-A433-260517097D2D}.Debug|Any CPU.ActiveCfg = Debug|Any CPU
		{F9FFA398-CFC8-4EB8-A433-260517097D2D}.Debug|Any CPU.Build.0 = Debug|Any CPU
		{F9FFA398-CFC8-4EB8-A433-260517097D2D}.Release|Any CPU.ActiveCfg = Release|Any CPU
		{F9FFA398-CFC8-4EB8-A433-260517097D2D}.Release|Any CPU.Build.0 = Release|Any CPU
	EndGlobalSection
	GlobalSection(SolutionProperties) = preSolution
		HideSolutionNode = FALSE
	EndGlobalSection
	GlobalSection(ExtensibilityGlobals) = postSolution
		SolutionGuid = {2EADA712-892C-4129-8DBA-85FCB434B1BC}
	EndGlobalSection
EndGlobal
